
Microsoft Visual Studio Solution File, Format Version 12.00
# Visual Studio Version 16
VisualStudioVersion = 16.0.29411.108
MinimumVisualStudioVersion = 10.0.40219.1
Project("{9A19103F-16F7-4668-BE54-9A1E7A4F7556}") = "WebSocketManager", "WebSocketManager\WebSocketManager.csproj", "{1EB30EF4-881D-4478-BB52-39660FBC8F0C}"
EndProject
Project("{9A19103F-16F7-4668-BE54-9A1E7A4F7556}") = "WebSocketsRPC", "WebSocketsRPC\WebSocketsRPC.csproj", "{5BD72D77-36A7-4081-A59E-4914D682B283}"
EndProject
Project("{9A19103F-16F7-4668-BE54-9A1E7A4F7556}") = "RPCServerAndClient", "Example\RPCServerAndClient\RPCServerAndClient.csproj", "{A791E6B4-A9DC-41BC-BCF3-B875C0B22531}"
EndProject
Global
	GlobalSection(SolutionConfigurationPlatforms) = preSolution
		Debug|Any CPU = Debug|Any CPU
		Release|Any CPU = Release|Any CPU
	EndGlobalSection
	GlobalSection(ProjectConfigurationPlatforms) = postSolution
		{1EB30EF4-881D-4478-BB52-39660FBC8F0C}.Debug|Any CPU.ActiveCfg = Debug|Any CPU
		{1EB30EF4-881D-4478-BB52-39660FBC8F0C}.Debug|Any CPU.Build.0 = Debug|Any CPU
		{1EB30EF4-881D-4478-BB52-39660FBC8F0C}.Release|Any CPU.ActiveCfg = Release|Any CPU
		{1EB30EF4-881D-4478-BB52-39660FBC8F0C}.Release|Any CPU.Build.0 = Release|Any CPU
		{5BD72D77-36A7-4081-A59E-4914D682B283}.Debug|Any CPU.ActiveCfg = Debug|Any CPU
		{5BD72D77-36A7-4081-A59E-4914D682B283}.Debug|Any CPU.Build.0 = Debug|Any CPU
		{5BD72D77-36A7-4081-A59E-4914D682B283}.Release|Any CPU.ActiveCfg = Release|Any CPU
		{5BD72D77-36A7-4081-A59E-4914D682B283}.Release|Any CPU.Build.0 = Release|Any CPU
		{A791E6B4-A9DC-41BC-BCF3-B875C0B22531}.Debug|Any CPU.ActiveCfg = Debug|Any CPU
		{A791E6B4-A9DC-41BC-BCF3-B875C0B22531}.Debug|Any CPU.Build.0 = Debug|Any CPU
		{A791E6B4-A9DC-41BC-BCF3-B875C0B22531}.Release|Any CPU.ActiveCfg = Release|Any CPU
		{A791E6B4-A9DC-41BC-BCF3-B875C0B22531}.Release|Any CPU.Build.0 = Release|Any CPU
	EndGlobalSection
	GlobalSection(SolutionProperties) = preSolution
		HideSolutionNode = FALSE
	EndGlobalSection
	GlobalSection(ExtensibilityGlobals) = postSolution
		SolutionGuid = {77A124D2-3940-4380-A966-916441AE1EC4}
	EndGlobalSection
EndGlobal
